// !$*UTF8*$!
{
	archiveVersion = 1;
	classes = {
	};
	objectVersion = 50;
	objects = {

/* Begin PBXBuildFile section */
		3F200A5D23D1ADAE007EF6AB /* ViewControllerMyHorse.swift in Sources */ = {isa = PBXBuildFile; fileRef = 3F200A4D23D1ADAE007EF6AB /* ViewControllerMyHorse.swift */; };
		3F200A5E23D1ADAE007EF6AB /* ReservationViewController.swift in Sources */ = {isa = PBXBuildFile; fileRef = 3F200A4E23D1ADAE007EF6AB /* ReservationViewController.swift */; };
		3F200A5F23D1ADAE007EF6AB /* Assets.xcassets in Resources */ = {isa = PBXBuildFile; fileRef = 3F200A4F23D1ADAE007EF6AB /* Assets.xcassets */; };
		3F200A6023D1ADAE007EF6AB /* ViewControllerPostComments.swift in Sources */ = {isa = PBXBuildFile; fileRef = 3F200A5023D1ADAE007EF6AB /* ViewControllerPostComments.swift */; };
		3F200A6123D1ADAE007EF6AB /* SlideInTransition.swift in Sources */ = {isa = PBXBuildFile; fileRef = 3F200A5123D1ADAE007EF6AB /* SlideInTransition.swift */; };
		3F200A6223D1ADAE007EF6AB /* MenuViewController.swift in Sources */ = {isa = PBXBuildFile; fileRef = 3F200A5223D1ADAE007EF6AB /* MenuViewController.swift */; };
		3F200A6323D1ADAE007EF6AB /* ViewControllerHorseList.swift in Sources */ = {isa = PBXBuildFile; fileRef = 3F200A5323D1ADAE007EF6AB /* ViewControllerHorseList.swift */; };
		3F200A6423D1ADAE007EF6AB /* ViewControllerEditHorse.swift in Sources */ = {isa = PBXBuildFile; fileRef = 3F200A5423D1ADAE007EF6AB /* ViewControllerEditHorse.swift */; };
		3F200A6523D1ADAE007EF6AB /* ViewControllerCommunityHub.swift in Sources */ = {isa = PBXBuildFile; fileRef = 3F200A5523D1ADAE007EF6AB /* ViewControllerCommunityHub.swift */; };
		3F200A6623D1ADAE007EF6AB /* ScheduleChoiceViewController.swift in Sources */ = {isa = PBXBuildFile; fileRef = 3F200A5623D1ADAE007EF6AB /* ScheduleChoiceViewController.swift */; };
		3F200A6723D1ADAE007EF6AB /* CalendarViewController.swift in Sources */ = {isa = PBXBuildFile; fileRef = 3F200A5723D1ADAE007EF6AB /* CalendarViewController.swift */; };
		3F200A6823D1ADAE007EF6AB /* ViewControllerNewPost.swift in Sources */ = {isa = PBXBuildFile; fileRef = 3F200A5823D1ADAE007EF6AB /* ViewControllerNewPost.swift */; };
		3F200A6923D1ADAE007EF6AB /* TimeTableViewController.swift in Sources */ = {isa = PBXBuildFile; fileRef = 3F200A5923D1ADAE007EF6AB /* TimeTableViewController.swift */; };
		3F200A6A23D1ADAE007EF6AB /* HomeViewController.swift in Sources */ = {isa = PBXBuildFile; fileRef = 3F200A5A23D1ADAE007EF6AB /* HomeViewController.swift */; };
		3F200A6B23D1ADAE007EF6AB /* ViewControllerUserProfile.swift in Sources */ = {isa = PBXBuildFile; fileRef = 3F200A5B23D1ADAE007EF6AB /* ViewControllerUserProfile.swift */; };
		3F6F1AD023A23816004904DA /* Users.swift in Sources */ = {isa = PBXBuildFile; fileRef = 3F6F1ACF23A23816004904DA /* Users.swift */; };
		3F6F1AD223A23911004904DA /* InteractionUser.swift in Sources */ = {isa = PBXBuildFile; fileRef = 3F6F1AD123A23911004904DA /* InteractionUser.swift */; };
		3F6F1AD423A23E78004904DA /* NotificationSpecificUser.swift in Sources */ = {isa = PBXBuildFile; fileRef = 3F6F1AD323A23E78004904DA /* NotificationSpecificUser.swift */; };
		3F6F1AD623A24ED6004904DA /* Notifications.swift in Sources */ = {isa = PBXBuildFile; fileRef = 3F6F1AD523A24ED6004904DA /* Notifications.swift */; };
		3F6F1AD823A250B4004904DA /* NotificationCell.swift in Sources */ = {isa = PBXBuildFile; fileRef = 3F6F1AD723A250B4004904DA /* NotificationCell.swift */; };
		3F6F1ADA23A2532F004904DA /* Notification.swift in Sources */ = {isa = PBXBuildFile; fileRef = 3F6F1AD923A2532F004904DA /* Notification.swift */; };
		3F858CB7239A5BF700C69B2B /* AppDelegate.swift in Sources */ = {isa = PBXBuildFile; fileRef = 3F858CB6239A5BF700C69B2B /* AppDelegate.swift */; };
		3F858CB9239A5BF700C69B2B /* ViewController.swift in Sources */ = {isa = PBXBuildFile; fileRef = 3F858CB8239A5BF700C69B2B /* ViewController.swift */; };
		3F858CBE239A5BF900C69B2B /* Assets.xcassets in Resources */ = {isa = PBXBuildFile; fileRef = 3F858CBD239A5BF900C69B2B /* Assets.xcassets */; };
		3F858CC1239A5BF900C69B2B /* LaunchScreen.storyboard in Resources */ = {isa = PBXBuildFile; fileRef = 3F858CBF239A5BF900C69B2B /* LaunchScreen.storyboard */; };
		3F9CE9AC23C16CFD007AA0A5 /* Main.storyboard in Resources */ = {isa = PBXBuildFile; fileRef = 3F9CE9AB23C16CFD007AA0A5 /* Main.storyboard */; };
		3F9CE9AE23C1710B007AA0A5 /* StableInfoTableViewController.swift in Sources */ = {isa = PBXBuildFile; fileRef = 3F9CE9AD23C1710B007AA0A5 /* StableInfoTableViewController.swift */; };
		3F9CE9B023C17BC8007AA0A5 /* OneHorseViewController.swift in Sources */ = {isa = PBXBuildFile; fileRef = 3F9CE9AF23C17BC8007AA0A5 /* OneHorseViewController.swift */; };
		3F9CE9B423D0A152007AA0A5 /* BackendHelper.swift in Sources */ = {isa = PBXBuildFile; fileRef = 3F9CE9B323D0A152007AA0A5 /* BackendHelper.swift */; };
		3F9F39DC23D7AB2000FBD057 /* Post.swift in Sources */ = {isa = PBXBuildFile; fileRef = 3F9F39DB23D7AB2000FBD057 /* Post.swift */; };
		3F9F39DE23D7ABA200FBD057 /* Comment.swift in Sources */ = {isa = PBXBuildFile; fileRef = 3F9F39DD23D7ABA200FBD057 /* Comment.swift */; };
		3F9F39E023D7C79F00FBD057 /* Stall.swift in Sources */ = {isa = PBXBuildFile; fileRef = 3F9F39DF23D7C79F00FBD057 /* Stall.swift */; };
		3FA3F100239A979B00BD70CC /* Register.swift in Sources */ = {isa = PBXBuildFile; fileRef = 3FA3F0FF239A979B00BD70CC /* Register.swift */; };
		3FAD2B5723B96DA80095F8F1 /* HorsesTableViewController.swift in Sources */ = {isa = PBXBuildFile; fileRef = 3FAD2B5623B96DA80095F8F1 /* HorsesTableViewController.swift */; };
		3FAD2B5923B96E760095F8F1 /* Horse.swift in Sources */ = {isa = PBXBuildFile; fileRef = 3FAD2B5823B96E760095F8F1 /* Horse.swift */; };
		3FAD2B5B23B971910095F8F1 /* MedicalReport.swift in Sources */ = {isa = PBXBuildFile; fileRef = 3FAD2B5A23B971910095F8F1 /* MedicalReport.swift */; };
		3FAD2B5D23B972120095F8F1 /* Message.swift in Sources */ = {isa = PBXBuildFile; fileRef = 3FAD2B5C23B972120095F8F1 /* Message.swift */; };
		3FAD2B5F23B98B110095F8F1 /* HamburgerMenu.swift in Sources */ = {isa = PBXBuildFile; fileRef = 3FAD2B5E23B98B110095F8F1 /* HamburgerMenu.swift */; };
		3FAD2B6123B98C680095F8F1 /* HamburgerMenuViewController.swift in Sources */ = {isa = PBXBuildFile; fileRef = 3FAD2B6023B98C680095F8F1 /* HamburgerMenuViewController.swift */; };
		3FAD2B6F23BD28110095F8F1 /* ProfileViewController.swift in Sources */ = {isa = PBXBuildFile; fileRef = 3FAD2B6E23BD28110095F8F1 /* ProfileViewController.swift */; };
		3FAD2B7523C1638A0095F8F1 /* SwiftNewsVideo.swift in Sources */ = {isa = PBXBuildFile; fileRef = 3FAD2B7423C1638A0095F8F1 /* SwiftNewsVideo.swift */; };
		3FBD455D23D0748B00B8605F /* Facility.swift in Sources */ = {isa = PBXBuildFile; fileRef = 3FBD455C23D0748B00B8605F /* Facility.swift */; };
		3FBD455F23D075D500B8605F /* Reservation.swift in Sources */ = {isa = PBXBuildFile; fileRef = 3FBD455E23D075D500B8605F /* Reservation.swift */; };
		3FBD456123D076EB00B8605F /* DateTimeRange.swift in Sources */ = {isa = PBXBuildFile; fileRef = 3FBD456023D076EB00B8605F /* DateTimeRange.swift */; };
		3FBD456323D077AB00B8605F /* Credentials.swift in Sources */ = {isa = PBXBuildFile; fileRef = 3FBD456223D077AB00B8605F /* Credentials.swift */; };
		3FD2A1C923C71F4900A57AF4 /* UserCell.swift in Sources */ = {isa = PBXBuildFile; fileRef = 3FD2A1C823C71F4900A57AF4 /* UserCell.swift */; };
		3FD2A1CB23C7214500A57AF4 /* User.swift in Sources */ = {isa = PBXBuildFile; fileRef = 3FD2A1CA23C7214500A57AF4 /* User.swift */; };
		3FFCC1A223C6ADE700DF395F /* HorsesViewController.swift in Sources */ = {isa = PBXBuildFile; fileRef = 3FFCC1A123C6ADE700DF395F /* HorsesViewController.swift */; };
		3FFE99AA239A7D6E00C5D304 /* Login.swift in Sources */ = {isa = PBXBuildFile; fileRef = 3FFE99A9239A7D6E00C5D304 /* Login.swift */; };
		3FFFA44A23A3C5EE00648E28 /* DashboardViewController.swift in Sources */ = {isa = PBXBuildFile; fileRef = 3FFFA44923A3C5EE00648E28 /* DashboardViewController.swift */; };
		3FFFA44C23A3C9E600648E28 /* NavigationController.swift in Sources */ = {isa = PBXBuildFile; fileRef = 3FFFA44B23A3C9E600648E28 /* NavigationController.swift */; };
/* End PBXBuildFile section */

/* Begin PBXFileReference section */
		3F200A4D23D1ADAE007EF6AB /* ViewControllerMyHorse.swift */ = {isa = PBXFileReference; fileEncoding = 4; lastKnownFileType = sourcecode.swift; path = ViewControllerMyHorse.swift; sourceTree = "<group>"; };
		3F200A4E23D1ADAE007EF6AB /* ReservationViewController.swift */ = {isa = PBXFileReference; fileEncoding = 4; lastKnownFileType = sourcecode.swift; path = ReservationViewController.swift; sourceTree = "<group>"; };
		3F200A4F23D1ADAE007EF6AB /* Assets.xcassets */ = {isa = PBXFileReference; lastKnownFileType = folder.assetcatalog; path = Assets.xcassets; sourceTree = "<group>"; };
		3F200A5023D1ADAE007EF6AB /* ViewControllerPostComments.swift */ = {isa = PBXFileReference; fileEncoding = 4; lastKnownFileType = sourcecode.swift; path = ViewControllerPostComments.swift; sourceTree = "<group>"; };
		3F200A5123D1ADAE007EF6AB /* SlideInTransition.swift */ = {isa = PBXFileReference; fileEncoding = 4; lastKnownFileType = sourcecode.swift; path = SlideInTransition.swift; sourceTree = "<group>"; };
		3F200A5223D1ADAE007EF6AB /* MenuViewController.swift */ = {isa = PBXFileReference; fileEncoding = 4; lastKnownFileType = sourcecode.swift; path = MenuViewController.swift; sourceTree = "<group>"; };
		3F200A5323D1ADAE007EF6AB /* ViewControllerHorseList.swift */ = {isa = PBXFileReference; fileEncoding = 4; lastKnownFileType = sourcecode.swift; path = ViewControllerHorseList.swift; sourceTree = "<group>"; };
		3F200A5423D1ADAE007EF6AB /* ViewControllerEditHorse.swift */ = {isa = PBXFileReference; fileEncoding = 4; lastKnownFileType = sourcecode.swift; path = ViewControllerEditHorse.swift; sourceTree = "<group>"; };
		3F200A5523D1ADAE007EF6AB /* ViewControllerCommunityHub.swift */ = {isa = PBXFileReference; fileEncoding = 4; lastKnownFileType = sourcecode.swift; path = ViewControllerCommunityHub.swift; sourceTree = "<group>"; };
		3F200A5623D1ADAE007EF6AB /* ScheduleChoiceViewController.swift */ = {isa = PBXFileReference; fileEncoding = 4; lastKnownFileType = sourcecode.swift; path = ScheduleChoiceViewController.swift; sourceTree = "<group>"; };
		3F200A5723D1ADAE007EF6AB /* CalendarViewController.swift */ = {isa = PBXFileReference; fileEncoding = 4; lastKnownFileType = sourcecode.swift; path = CalendarViewController.swift; sourceTree = "<group>"; };
		3F200A5823D1ADAE007EF6AB /* ViewControllerNewPost.swift */ = {isa = PBXFileReference; fileEncoding = 4; lastKnownFileType = sourcecode.swift; path = ViewControllerNewPost.swift; sourceTree = "<group>"; };
		3F200A5923D1ADAE007EF6AB /* TimeTableViewController.swift */ = {isa = PBXFileReference; fileEncoding = 4; lastKnownFileType = sourcecode.swift; path = TimeTableViewController.swift; sourceTree = "<group>"; };
		3F200A5A23D1ADAE007EF6AB /* HomeViewController.swift */ = {isa = PBXFileReference; fileEncoding = 4; lastKnownFileType = sourcecode.swift; path = HomeViewController.swift; sourceTree = "<group>"; };
		3F200A5B23D1ADAE007EF6AB /* ViewControllerUserProfile.swift */ = {isa = PBXFileReference; fileEncoding = 4; lastKnownFileType = sourcecode.swift; path = ViewControllerUserProfile.swift; sourceTree = "<group>"; };
		3F6F1ACF23A23816004904DA /* Users.swift */ = {isa = PBXFileReference; lastKnownFileType = sourcecode.swift; path = Users.swift; sourceTree = "<group>"; };
		3F6F1AD123A23911004904DA /* InteractionUser.swift */ = {isa = PBXFileReference; lastKnownFileType = sourcecode.swift; path = InteractionUser.swift; sourceTree = "<group>"; };
		3F6F1AD323A23E78004904DA /* NotificationSpecificUser.swift */ = {isa = PBXFileReference; lastKnownFileType = sourcecode.swift; path = NotificationSpecificUser.swift; sourceTree = "<group>"; };
		3F6F1AD523A24ED6004904DA /* Notifications.swift */ = {isa = PBXFileReference; lastKnownFileType = sourcecode.swift; path = Notifications.swift; sourceTree = "<group>"; };
		3F6F1AD723A250B4004904DA /* NotificationCell.swift */ = {isa = PBXFileReference; lastKnownFileType = sourcecode.swift; path = NotificationCell.swift; sourceTree = "<group>"; };
		3F6F1AD923A2532F004904DA /* Notification.swift */ = {isa = PBXFileReference; lastKnownFileType = sourcecode.swift; path = Notification.swift; sourceTree = "<group>"; };
		3F858CB3239A5BF700C69B2B /* HorseStable.app */ = {isa = PBXFileReference; explicitFileType = wrapper.application; includeInIndex = 0; path = HorseStable.app; sourceTree = BUILT_PRODUCTS_DIR; };
		3F858CB6239A5BF700C69B2B /* AppDelegate.swift */ = {isa = PBXFileReference; lastKnownFileType = sourcecode.swift; path = AppDelegate.swift; sourceTree = "<group>"; };
		3F858CB8239A5BF700C69B2B /* ViewController.swift */ = {isa = PBXFileReference; lastKnownFileType = sourcecode.swift; path = ViewController.swift; sourceTree = "<group>"; };
		3F858CBD239A5BF900C69B2B /* Assets.xcassets */ = {isa = PBXFileReference; lastKnownFileType = folder.assetcatalog; path = Assets.xcassets; sourceTree = "<group>"; };
		3F858CC0239A5BF900C69B2B /* Base */ = {isa = PBXFileReference; lastKnownFileType = file.storyboard; name = Base; path = Base.lproj/LaunchScreen.storyboard; sourceTree = "<group>"; };
		3F858CC2239A5BF900C69B2B /* Info.plist */ = {isa = PBXFileReference; lastKnownFileType = text.plist.xml; path = Info.plist; sourceTree = "<group>"; };
		3F9CE9AB23C16CFD007AA0A5 /* Main.storyboard */ = {isa = PBXFileReference; fileEncoding = 4; lastKnownFileType = file.storyboard; path = Main.storyboard; sourceTree = "<group>"; };
		3F9CE9AD23C1710B007AA0A5 /* StableInfoTableViewController.swift */ = {isa = PBXFileReference; lastKnownFileType = sourcecode.swift; path = StableInfoTableViewController.swift; sourceTree = "<group>"; };
		3F9CE9AF23C17BC8007AA0A5 /* OneHorseViewController.swift */ = {isa = PBXFileReference; lastKnownFileType = sourcecode.swift; path = OneHorseViewController.swift; sourceTree = "<group>"; };
		3F9CE9B323D0A152007AA0A5 /* BackendHelper.swift */ = {isa = PBXFileReference; lastKnownFileType = sourcecode.swift; path = BackendHelper.swift; sourceTree = "<group>"; };
		3F9F39DB23D7AB2000FBD057 /* Post.swift */ = {isa = PBXFileReference; lastKnownFileType = sourcecode.swift; path = Post.swift; sourceTree = "<group>"; };
		3F9F39DD23D7ABA200FBD057 /* Comment.swift */ = {isa = PBXFileReference; lastKnownFileType = sourcecode.swift; path = Comment.swift; sourceTree = "<group>"; };
		3F9F39DF23D7C79F00FBD057 /* Stall.swift */ = {isa = PBXFileReference; lastKnownFileType = sourcecode.swift; path = Stall.swift; sourceTree = "<group>"; };
		3FA3F0FF239A979B00BD70CC /* Register.swift */ = {isa = PBXFileReference; lastKnownFileType = sourcecode.swift; path = Register.swift; sourceTree = "<group>"; };
		3FAD2B5623B96DA80095F8F1 /* HorsesTableViewController.swift */ = {isa = PBXFileReference; lastKnownFileType = sourcecode.swift; path = HorsesTableViewController.swift; sourceTree = "<group>"; };
		3FAD2B5823B96E760095F8F1 /* Horse.swift */ = {isa = PBXFileReference; lastKnownFileType = sourcecode.swift; path = Horse.swift; sourceTree = "<group>"; };
		3FAD2B5A23B971910095F8F1 /* MedicalReport.swift */ = {isa = PBXFileReference; lastKnownFileType = sourcecode.swift; path = MedicalReport.swift; sourceTree = "<group>"; };
		3FAD2B5C23B972120095F8F1 /* Message.swift */ = {isa = PBXFileReference; lastKnownFileType = sourcecode.swift; path = Message.swift; sourceTree = "<group>"; };
		3FAD2B5E23B98B110095F8F1 /* HamburgerMenu.swift */ = {isa = PBXFileReference; lastKnownFileType = sourcecode.swift; path = HamburgerMenu.swift; sourceTree = "<group>"; };
		3FAD2B6023B98C680095F8F1 /* HamburgerMenuViewController.swift */ = {isa = PBXFileReference; lastKnownFileType = sourcecode.swift; path = HamburgerMenuViewController.swift; sourceTree = "<group>"; };
		3FAD2B6E23BD28110095F8F1 /* ProfileViewController.swift */ = {isa = PBXFileReference; lastKnownFileType = sourcecode.swift; path = ProfileViewController.swift; sourceTree = "<group>"; };
		3FAD2B7423C1638A0095F8F1 /* SwiftNewsVideo.swift */ = {isa = PBXFileReference; lastKnownFileType = sourcecode.swift; path = SwiftNewsVideo.swift; sourceTree = "<group>"; };
		3FBD455C23D0748B00B8605F /* Facility.swift */ = {isa = PBXFileReference; lastKnownFileType = sourcecode.swift; path = Facility.swift; sourceTree = "<group>"; };
		3FBD455E23D075D500B8605F /* Reservation.swift */ = {isa = PBXFileReference; lastKnownFileType = sourcecode.swift; path = Reservation.swift; sourceTree = "<group>"; };
		3FBD456023D076EB00B8605F /* DateTimeRange.swift */ = {isa = PBXFileReference; lastKnownFileType = sourcecode.swift; path = DateTimeRange.swift; sourceTree = "<group>"; };
		3FBD456223D077AB00B8605F /* Credentials.swift */ = {isa = PBXFileReference; lastKnownFileType = sourcecode.swift; path = Credentials.swift; sourceTree = "<group>"; };
		3FD2A1C823C71F4900A57AF4 /* UserCell.swift */ = {isa = PBXFileReference; lastKnownFileType = sourcecode.swift; path = UserCell.swift; sourceTree = "<group>"; };
		3FD2A1CA23C7214500A57AF4 /* User.swift */ = {isa = PBXFileReference; lastKnownFileType = sourcecode.swift; path = User.swift; sourceTree = "<group>"; };
		3FFCC1A123C6ADE700DF395F /* HorsesViewController.swift */ = {isa = PBXFileReference; lastKnownFileType = sourcecode.swift; path = HorsesViewController.swift; sourceTree = "<group>"; };
		3FFE99A9239A7D6E00C5D304 /* Login.swift */ = {isa = PBXFileReference; lastKnownFileType = sourcecode.swift; path = Login.swift; sourceTree = "<group>"; };
		3FFFA44923A3C5EE00648E28 /* DashboardViewController.swift */ = {isa = PBXFileReference; lastKnownFileType = sourcecode.swift; path = DashboardViewController.swift; sourceTree = "<group>"; };
		3FFFA44B23A3C9E600648E28 /* NavigationController.swift */ = {isa = PBXFileReference; lastKnownFileType = sourcecode.swift; path = NavigationController.swift; sourceTree = "<group>"; };
/* End PBXFileReference section */

/* Begin PBXFrameworksBuildPhase section */
		3F858CB0239A5BF700C69B2B /* Frameworks */ = {
			isa = PBXFrameworksBuildPhase;
			buildActionMask = 2147483647;
			files = (
			);
			runOnlyForDeploymentPostprocessing = 0;
		};
/* End PBXFrameworksBuildPhase section */

/* Begin PBXGroup section */
		3F858CAA239A5BF700C69B2B = {
			isa = PBXGroup;
			children = (
				3F858CB5239A5BF700C69B2B /* HorseStable */,
				3F858CB4239A5BF700C69B2B /* Products */,
				BD29F5B924E47F7EFDDAB8FC /* Pods */,
			);
			sourceTree = "<group>";
		};
		3F858CB4239A5BF700C69B2B /* Products */ = {
			isa = PBXGroup;
			children = (
				3F858CB3239A5BF700C69B2B /* HorseStable.app */,
			);
			name = Products;
			sourceTree = "<group>";
		};
		3F858CB5239A5BF700C69B2B /* HorseStable */ = {
			isa = PBXGroup;
			children = (
				3F9CE9AB23C16CFD007AA0A5 /* Main.storyboard */,
				3F858CB6239A5BF700C69B2B /* AppDelegate.swift */,
				3FA3F0FF239A979B00BD70CC /* Register.swift */,
				3FFE99A9239A7D6E00C5D304 /* Login.swift */,
				3F6F1AD123A23911004904DA /* InteractionUser.swift */,
				3F6F1AD323A23E78004904DA /* NotificationSpecificUser.swift */,
				3F858CBD239A5BF900C69B2B /* Assets.xcassets */,
				3F858CBF239A5BF900C69B2B /* LaunchScreen.storyboard */,
				3F858CC2239A5BF900C69B2B /* Info.plist */,
				3FFFA44923A3C5EE00648E28 /* DashboardViewController.swift */,
				3FFFA44B23A3C9E600648E28 /* NavigationController.swift */,
				3FAD2B5623B96DA80095F8F1 /* HorsesTableViewController.swift */,
				3FAD2B5823B96E760095F8F1 /* Horse.swift */,
				3FAD2B5A23B971910095F8F1 /* MedicalReport.swift */,
				3FAD2B5C23B972120095F8F1 /* Message.swift */,
				3FAD2B5E23B98B110095F8F1 /* HamburgerMenu.swift */,
				3FAD2B6023B98C680095F8F1 /* HamburgerMenuViewController.swift */,
				3FBD455C23D0748B00B8605F /* Facility.swift */,
				3FBD456023D076EB00B8605F /* DateTimeRange.swift */,
				3FAD2B6E23BD28110095F8F1 /* ProfileViewController.swift */,
				3FBD455E23D075D500B8605F /* Reservation.swift */,
				3FAD2B7423C1638A0095F8F1 /* SwiftNewsVideo.swift */,
				3F9CE9AD23C1710B007AA0A5 /* StableInfoTableViewController.swift */,
				3FBD456223D077AB00B8605F /* Credentials.swift */,
				3F9CE9AF23C17BC8007AA0A5 /* OneHorseViewController.swift */,
				3FFCC1A123C6ADE700DF395F /* HorsesViewController.swift */,
				3F6F1AD523A24ED6004904DA /* Notifications.swift */,
				3F6F1AD923A2532F004904DA /* Notification.swift */,
				3F6F1AD723A250B4004904DA /* NotificationCell.swift */,
				3F6F1ACF23A23816004904DA /* Users.swift */,
				3FD2A1CA23C7214500A57AF4 /* User.swift */,
				3FD2A1C823C71F4900A57AF4 /* UserCell.swift */,
				3F9CE9B323D0A152007AA0A5 /* BackendHelper.swift */,
				3F200A5723D1ADAE007EF6AB /* CalendarViewController.swift */,
				3F200A5A23D1ADAE007EF6AB /* HomeViewController.swift */,
				3F858CB8239A5BF700C69B2B /* ViewController.swift */,
				3F200A4F23D1ADAE007EF6AB /* Assets.xcassets */,
				3F200A5223D1ADAE007EF6AB /* MenuViewController.swift */,
				3F200A4E23D1ADAE007EF6AB /* ReservationViewController.swift */,
				3F200A5623D1ADAE007EF6AB /* ScheduleChoiceViewController.swift */,
				3F200A5123D1ADAE007EF6AB /* SlideInTransition.swift */,
				3F200A5923D1ADAE007EF6AB /* TimeTableViewController.swift */,
				3F200A5523D1ADAE007EF6AB /* ViewControllerCommunityHub.swift */,
				3F200A5423D1ADAE007EF6AB /* ViewControllerEditHorse.swift */,
				3F200A5323D1ADAE007EF6AB /* ViewControllerHorseList.swift */,
				3F200A4D23D1ADAE007EF6AB /* ViewControllerMyHorse.swift */,
				3F200A5823D1ADAE007EF6AB /* ViewControllerNewPost.swift */,
				3F200A5023D1ADAE007EF6AB /* ViewControllerPostComments.swift */,
				3F200A5B23D1ADAE007EF6AB /* ViewControllerUserProfile.swift */,
				3F9F39DB23D7AB2000FBD057 /* Post.swift */,
				3F9F39DD23D7ABA200FBD057 /* Comment.swift */,
				3F9F39DF23D7C79F00FBD057 /* Stall.swift */,
			);
			path = HorseStable;
			sourceTree = "<group>";
		};
		BD29F5B924E47F7EFDDAB8FC /* Pods */ = {
			isa = PBXGroup;
			children = (
			);
			path = Pods;
			sourceTree = "<group>";
		};
/* End PBXGroup section */

/* Begin PBXNativeTarget section */
		3F858CB2239A5BF700C69B2B /* HorseStable */ = {
			isa = PBXNativeTarget;
			buildConfigurationList = 3F858CC5239A5BF900C69B2B /* Build configuration list for PBXNativeTarget "HorseStable" */;
			buildPhases = (
				3F858CAF239A5BF700C69B2B /* Sources */,
				3F858CB0239A5BF700C69B2B /* Frameworks */,
				3F858CB1239A5BF700C69B2B /* Resources */,
			);
			buildRules = (
			);
			dependencies = (
			);
			name = HorseStable;
			productName = HorseStable;
			productReference = 3F858CB3239A5BF700C69B2B /* HorseStable.app */;
			productType = "com.apple.product-type.application";
		};
/* End PBXNativeTarget section */

/* Begin PBXProject section */
		3F858CAB239A5BF700C69B2B /* Project object */ = {
			isa = PBXProject;
			attributes = {
				LastSwiftUpdateCheck = 1010;
				LastUpgradeCheck = 1010;
				ORGANIZATIONNAME = smartmobile;
				TargetAttributes = {
					3F858CB2239A5BF700C69B2B = {
						CreatedOnToolsVersion = 10.1;
					};
				};
			};
			buildConfigurationList = 3F858CAE239A5BF700C69B2B /* Build configuration list for PBXProject "HorseStable" */;
			compatibilityVersion = "Xcode 9.3";
			developmentRegion = en;
			hasScannedForEncodings = 0;
			knownRegions = (
				en,
				Base,
			);
			mainGroup = 3F858CAA239A5BF700C69B2B;
			productRefGroup = 3F858CB4239A5BF700C69B2B /* Products */;
			projectDirPath = "";
			projectRoot = "";
			targets = (
				3F858CB2239A5BF700C69B2B /* HorseStable */,
			);
		};
/* End PBXProject section */

/* Begin PBXResourcesBuildPhase section */
		3F858CB1239A5BF700C69B2B /* Resources */ = {
			isa = PBXResourcesBuildPhase;
			buildActionMask = 2147483647;
			files = (
				3F9CE9AC23C16CFD007AA0A5 /* Main.storyboard in Resources */,
				3F858CC1239A5BF900C69B2B /* LaunchScreen.storyboard in Resources */,
				3F200A5F23D1ADAE007EF6AB /* Assets.xcassets in Resources */,
				3F858CBE239A5BF900C69B2B /* Assets.xcassets in Resources */,
			);
			runOnlyForDeploymentPostprocessing = 0;
		};
/* End PBXResourcesBuildPhase section */

/* Begin PBXSourcesBuildPhase section */
		3F858CAF239A5BF700C69B2B /* Sources */ = {
			isa = PBXSourcesBuildPhase;
			buildActionMask = 2147483647;
			files = (
				3FAD2B5723B96DA80095F8F1 /* HorsesTableViewController.swift in Sources */,
				3F9F39DE23D7ABA200FBD057 /* Comment.swift in Sources */,
				3FAD2B7523C1638A0095F8F1 /* SwiftNewsVideo.swift in Sources */,
				3F200A6A23D1ADAE007EF6AB /* HomeViewController.swift in Sources */,
				3FBD455F23D075D500B8605F /* Reservation.swift in Sources */,
				3F200A6223D1ADAE007EF6AB /* MenuViewController.swift in Sources */,
				3F200A6823D1ADAE007EF6AB /* ViewControllerNewPost.swift in Sources */,
				3F200A6523D1ADAE007EF6AB /* ViewControllerCommunityHub.swift in Sources */,
				3F200A5D23D1ADAE007EF6AB /* ViewControllerMyHorse.swift in Sources */,
				3FBD456323D077AB00B8605F /* Credentials.swift in Sources */,
				3F6F1AD623A24ED6004904DA /* Notifications.swift in Sources */,
				3FD2A1CB23C7214500A57AF4 /* User.swift in Sources */,
				3F200A6923D1ADAE007EF6AB /* TimeTableViewController.swift in Sources */,
				3FFFA44C23A3C9E600648E28 /* NavigationController.swift in Sources */,
				3F9CE9AE23C1710B007AA0A5 /* StableInfoTableViewController.swift in Sources */,
				3FBD455D23D0748B00B8605F /* Facility.swift in Sources */,
				3FAD2B5D23B972120095F8F1 /* Message.swift in Sources */,
				3F200A5E23D1ADAE007EF6AB /* ReservationViewController.swift in Sources */,
				3F6F1AD823A250B4004904DA /* NotificationCell.swift in Sources */,
				3F200A6623D1ADAE007EF6AB /* ScheduleChoiceViewController.swift in Sources */,
				3F200A6723D1ADAE007EF6AB /* CalendarViewController.swift in Sources */,
				3F9F39E023D7C79F00FBD057 /* Stall.swift in Sources */,
				3F200A6323D1ADAE007EF6AB /* ViewControllerHorseList.swift in Sources */,
				3F200A6123D1ADAE007EF6AB /* SlideInTransition.swift in Sources */,
				3F9CE9B023C17BC8007AA0A5 /* OneHorseViewController.swift in Sources */,
				3FD2A1C923C71F4900A57AF4 /* UserCell.swift in Sources */,
				3F9F39DC23D7AB2000FBD057 /* Post.swift in Sources */,
				3F6F1AD423A23E78004904DA /* NotificationSpecificUser.swift in Sources */,
				3FFE99AA239A7D6E00C5D304 /* Login.swift in Sources */,
				3F200A6023D1ADAE007EF6AB /* ViewControllerPostComments.swift in Sources */,
				3FAD2B5F23B98B110095F8F1 /* HamburgerMenu.swift in Sources */,
				3F6F1AD223A23911004904DA /* InteractionUser.swift in Sources */,
				3FBD456123D076EB00B8605F /* DateTimeRange.swift in Sources */,
				3FFCC1A223C6ADE700DF395F /* HorsesViewController.swift in Sources */,
				3FAD2B6F23BD28110095F8F1 /* ProfileViewController.swift in Sources */,
				3F200A6423D1ADAE007EF6AB /* ViewControllerEditHorse.swift in Sources */,
				3F200A6B23D1ADAE007EF6AB /* ViewControllerUserProfile.swift in Sources */,
				3F858CB9239A5BF700C69B2B /* ViewController.swift in Sources */,
				3F6F1ADA23A2532F004904DA /* Notification.swift in Sources */,
				3F9CE9B423D0A152007AA0A5 /* BackendHelper.swift in Sources */,
				3F6F1AD023A23816004904DA /* Users.swift in Sources */,
				3FFFA44A23A3C5EE00648E28 /* DashboardViewController.swift in Sources */,
				3FAD2B6123B98C680095F8F1 /* HamburgerMenuViewController.swift in Sources */,
				3FAD2B5923B96E760095F8F1 /* Horse.swift in Sources */,
				3FA3F100239A979B00BD70CC /* Register.swift in Sources */,
				3F858CB7239A5BF700C69B2B /* AppDelegate.swift in Sources */,
				3FAD2B5B23B971910095F8F1 /* MedicalReport.swift in Sources */,
			);
			runOnlyForDeploymentPostprocessing = 0;
		};
/* End PBXSourcesBuildPhase section */

/* Begin PBXVariantGroup section */
		3F858CBF239A5BF900C69B2B /* LaunchScreen.storyboard */ = {
			isa = PBXVariantGroup;
			children = (
				3F858CC0239A5BF900C69B2B /* Base */,
			);
			name = LaunchScreen.storyboard;
			sourceTree = "<group>";
		};
/* End PBXVariantGroup section */

/* Begin XCBuildConfiguration section */
		3F858CC3239A5BF900C69B2B /* Debug */ = {
			isa = XCBuildConfiguration;
			buildSettings = {
				ALWAYS_SEARCH_USER_PATHS = NO;
				CLANG_ANALYZER_NONNULL = YES;
				CLANG_ANALYZER_NUMBER_OBJECT_CONVERSION = YES_AGGRESSIVE;
				CLANG_CXX_LANGUAGE_STANDARD = "gnu++14";
				CLANG_CXX_LIBRARY = "libc++";
				CLANG_ENABLE_MODULES = YES;
				CLANG_ENABLE_OBJC_ARC = YES;
				CLANG_ENABLE_OBJC_WEAK = YES;
				CLANG_WARN_BLOCK_CAPTURE_AUTORELEASING = YES;
				CLANG_WARN_BOOL_CONVERSION = YES;
				CLANG_WARN_COMMA = YES;
				CLANG_WARN_CONSTANT_CONVERSION = YES;
				CLANG_WARN_DEPRECATED_OBJC_IMPLEMENTATIONS = YES;
				CLANG_WARN_DIRECT_OBJC_ISA_USAGE = YES_ERROR;
				CLANG_WARN_DOCUMENTATION_COMMENTS = YES;
				CLANG_WARN_EMPTY_BODY = YES;
				CLANG_WARN_ENUM_CONVERSION = YES;
				CLANG_WARN_INFINITE_RECURSION = YES;
				CLANG_WARN_INT_CONVERSION = YES;
				CLANG_WARN_NON_LITERAL_NULL_CONVERSION = YES;
				CLANG_WARN_OBJC_IMPLICIT_RETAIN_SELF = YES;
				CLANG_WARN_OBJC_LITERAL_CONVERSION = YES;
				CLANG_WARN_OBJC_ROOT_CLASS = YES_ERROR;
				CLANG_WARN_RANGE_LOOP_ANALYSIS = YES;
				CLANG_WARN_STRICT_PROTOTYPES = YES;
				CLANG_WARN_SUSPICIOUS_MOVE = YES;
				CLANG_WARN_UNGUARDED_AVAILABILITY = YES_AGGRESSIVE;
				CLANG_WARN_UNREACHABLE_CODE = YES;
				CLANG_WARN__DUPLICATE_METHOD_MATCH = YES;
				CODE_SIGN_IDENTITY = "iPhone Developer";
				COPY_PHASE_STRIP = NO;
				DEBUG_INFORMATION_FORMAT = dwarf;
				ENABLE_STRICT_OBJC_MSGSEND = YES;
				ENABLE_TESTABILITY = YES;
				GCC_C_LANGUAGE_STANDARD = gnu11;
				GCC_DYNAMIC_NO_PIC = NO;
				GCC_NO_COMMON_BLOCKS = YES;
				GCC_OPTIMIZATION_LEVEL = 0;
				GCC_PREPROCESSOR_DEFINITIONS = (
					"DEBUG=1",
					"$(inherited)",
				);
				GCC_WARN_64_TO_32_BIT_CONVERSION = YES;
				GCC_WARN_ABOUT_RETURN_TYPE = YES_ERROR;
				GCC_WARN_UNDECLARED_SELECTOR = YES;
				GCC_WARN_UNINITIALIZED_AUTOS = YES_AGGRESSIVE;
				GCC_WARN_UNUSED_FUNCTION = YES;
				GCC_WARN_UNUSED_VARIABLE = YES;
				IPHONEOS_DEPLOYMENT_TARGET = 12.1;
				MTL_ENABLE_DEBUG_INFO = INCLUDE_SOURCE;
				MTL_FAST_MATH = YES;
				ONLY_ACTIVE_ARCH = YES;
				SDKROOT = iphoneos;
				SWIFT_ACTIVE_COMPILATION_CONDITIONS = DEBUG;
				SWIFT_OPTIMIZATION_LEVEL = "-Onone";
			};
			name = Debug;
		};
		3F858CC4239A5BF900C69B2B /* Release */ = {
			isa = XCBuildConfiguration;
			buildSettings = {
				ALWAYS_SEARCH_USER_PATHS = NO;
				CLANG_ANALYZER_NONNULL = YES;
				CLANG_ANALYZER_NUMBER_OBJECT_CONVERSION = YES_AGGRESSIVE;
				CLANG_CXX_LANGUAGE_STANDARD = "gnu++14";
				CLANG_CXX_LIBRARY = "libc++";
				CLANG_ENABLE_MODULES = YES;
				CLANG_ENABLE_OBJC_ARC = YES;
				CLANG_ENABLE_OBJC_WEAK = YES;
				CLANG_WARN_BLOCK_CAPTURE_AUTORELEASING = YES;
				CLANG_WARN_BOOL_CONVERSION = YES;
				CLANG_WARN_COMMA = YES;
				CLANG_WARN_CONSTANT_CONVERSION = YES;
				CLANG_WARN_DEPRECATED_OBJC_IMPLEMENTATIONS = YES;
				CLANG_WARN_DIRECT_OBJC_ISA_USAGE = YES_ERROR;
				CLANG_WARN_DOCUMENTATION_COMMENTS = YES;
				CLANG_WARN_EMPTY_BODY = YES;
				CLANG_WARN_ENUM_CONVERSION = YES;
				CLANG_WARN_INFINITE_RECURSION = YES;
				CLANG_WARN_INT_CONVERSION = YES;
				CLANG_WARN_NON_LITERAL_NULL_CONVERSION = YES;
				CLANG_WARN_OBJC_IMPLICIT_RETAIN_SELF = YES;
				CLANG_WARN_OBJC_LITERAL_CONVERSION = YES;
				CLANG_WARN_OBJC_ROOT_CLASS = YES_ERROR;
				CLANG_WARN_RANGE_LOOP_ANALYSIS = YES;
				CLANG_WARN_STRICT_PROTOTYPES = YES;
				CLANG_WARN_SUSPICIOUS_MOVE = YES;
				CLANG_WARN_UNGUARDED_AVAILABILITY = YES_AGGRESSIVE;
				CLANG_WARN_UNREACHABLE_CODE = YES;
				CLANG_WARN__DUPLICATE_METHOD_MATCH = YES;
				CODE_SIGN_IDENTITY = "iPhone Developer";
				COPY_PHASE_STRIP = NO;
				DEBUG_INFORMATION_FORMAT = "dwarf-with-dsym";
				ENABLE_NS_ASSERTIONS = NO;
				ENABLE_STRICT_OBJC_MSGSEND = YES;
				GCC_C_LANGUAGE_STANDARD = gnu11;
				GCC_NO_COMMON_BLOCKS = YES;
				GCC_WARN_64_TO_32_BIT_CONVERSION = YES;
				GCC_WARN_ABOUT_RETURN_TYPE = YES_ERROR;
				GCC_WARN_UNDECLARED_SELECTOR = YES;
				GCC_WARN_UNINITIALIZED_AUTOS = YES_AGGRESSIVE;
				GCC_WARN_UNUSED_FUNCTION = YES;
				GCC_WARN_UNUSED_VARIABLE = YES;
				IPHONEOS_DEPLOYMENT_TARGET = 12.1;
				MTL_ENABLE_DEBUG_INFO = NO;
				MTL_FAST_MATH = YES;
				SDKROOT = iphoneos;
				SWIFT_COMPILATION_MODE = wholemodule;
				SWIFT_OPTIMIZATION_LEVEL = "-O";
				VALIDATE_PRODUCT = YES;
			};
			name = Release;
		};
		3F858CC6239A5BF900C69B2B /* Debug */ = {
			isa = XCBuildConfiguration;
			buildSettings = {
				ASSETCATALOG_COMPILER_APPICON_NAME = AppIcon;
				CODE_SIGN_STYLE = Automatic;
				DEVELOPMENT_TEAM = Q4Q4HDKLNB;
				INFOPLIST_FILE = HorseStable/Info.plist;
				LD_RUNPATH_SEARCH_PATHS = (
					"$(inherited)",
					"@executable_path/Frameworks",
				);
				PRODUCT_BUNDLE_IDENTIFIER = smartmobile.HorseStable;
				PRODUCT_NAME = "$(TARGET_NAME)";
				SWIFT_VERSION = 4.2;
				TARGETED_DEVICE_FAMILY = "1,2";
			};
			name = Debug;
		};
		3F858CC7239A5BF900C69B2B /* Release */ = {
			isa = XCBuildConfiguration;
			buildSettings = {
				ASSETCATALOG_COMPILER_APPICON_NAME = AppIcon;
				CODE_SIGN_STYLE = Automatic;
				DEVELOPMENT_TEAM = Q4Q4HDKLNB;
				INFOPLIST_FILE = HorseStable/Info.plist;
				LD_RUNPATH_SEARCH_PATHS = (
					"$(inherited)",
					"@executable_path/Frameworks",
				);
				PRODUCT_BUNDLE_IDENTIFIER = smartmobile.HorseStable;
				PRODUCT_NAME = "$(TARGET_NAME)";
				SWIFT_VERSION = 4.2;
				TARGETED_DEVICE_FAMILY = "1,2";
			};
			name = Release;
		};
/* End XCBuildConfiguration section */

/* Begin XCConfigurationList section */
		3F858CAE239A5BF700C69B2B /* Build configuration list for PBXProject "HorseStable" */ = {
			isa = XCConfigurationList;
			buildConfigurations = (
				3F858CC3239A5BF900C69B2B /* Debug */,
				3F858CC4239A5BF900C69B2B /* Release */,
			);
			defaultConfigurationIsVisible = 0;
			defaultConfigurationName = Release;
		};
		3F858CC5239A5BF900C69B2B /* Build configuration list for PBXNativeTarget "HorseStable" */ = {
			isa = XCConfigurationList;
			buildConfigurations = (
				3F858CC6239A5BF900C69B2B /* Debug */,
				3F858CC7239A5BF900C69B2B /* Release */,
			);
			defaultConfigurationIsVisible = 0;
			defaultConfigurationName = Release;
		};
/* End XCConfigurationList section */
	};
	rootObject = 3F858CAB239A5BF700C69B2B /* Project object */;
}
