// !$*UTF8*$!
{
	archiveVersion = 1;
	classes = {
	};
	objectVersion = 52;
	objects = {

/* Begin PBXBuildFile section */
		23F5E9210D1B724D748E075F /* Pods_HorseStable.framework in Frameworks */ = {isa = PBXBuildFile; fileRef = 6C411482D78B22161B801632 /* Pods_HorseStable.framework */; };
		3F71D22123A062C20020FB27 /* SwiftSignalRService.swift in Sources */ = {isa = PBXBuildFile; fileRef = 3F71D22023A062C20020FB27 /* SwiftSignalRService.swift */; };
		3F71D22423A1798F0020FB27 /* SignalRClient in Frameworks */ = {isa = PBXBuildFile; productRef = 3F71D22323A1798F0020FB27 /* SignalRClient */; };
		3F858CB7239A5BF700C69B2B /* AppDelegate.swift in Sources */ = {isa = PBXBuildFile; fileRef = 3F858CB6239A5BF700C69B2B /* AppDelegate.swift */; };
		3F858CB9239A5BF700C69B2B /* ViewController.swift in Sources */ = {isa = PBXBuildFile; fileRef = 3F858CB8239A5BF700C69B2B /* ViewController.swift */; };
		3F858CBC239A5BF700C69B2B /* Main.storyboard in Resources */ = {isa = PBXBuildFile; fileRef = 3F858CBA239A5BF700C69B2B /* Main.storyboard */; };
		3F858CBE239A5BF900C69B2B /* Assets.xcassets in Resources */ = {isa = PBXBuildFile; fileRef = 3F858CBD239A5BF900C69B2B /* Assets.xcassets */; };
		3F858CC1239A5BF900C69B2B /* LaunchScreen.storyboard in Resources */ = {isa = PBXBuildFile; fileRef = 3F858CBF239A5BF900C69B2B /* LaunchScreen.storyboard */; };
		3FFFA44023A24B7200648E28 /* Horse.swift in Sources */ = {isa = PBXBuildFile; fileRef = 3FFFA43F23A24B7200648E28 /* Horse.swift */; };
		3FFFA44223A24C9C00648E28 /* MedicalReport.swift in Sources */ = {isa = PBXBuildFile; fileRef = 3FFFA44123A24C9C00648E28 /* MedicalReport.swift */; };
		3FFFA44423A24E3C00648E28 /* Message.swift in Sources */ = {isa = PBXBuildFile; fileRef = 3FFFA44323A24E3C00648E28 /* Message.swift */; };
		3FFFA44623A2857100648E28 /* Delegate.swift in Sources */ = {isa = PBXBuildFile; fileRef = 3FFFA44523A2857100648E28 /* Delegate.swift */; };
		3FFFA44823A3ADF600648E28 /* SwiftRService.swift in Sources */ = {isa = PBXBuildFile; fileRef = 3FFFA44723A3ADF600648E28 /* SwiftRService.swift */; };
/* End PBXBuildFile section */

/* Begin PBXFileReference section */
		157775120CAC16431CD7699C /* Pods-HorseStable.release.xcconfig */ = {isa = PBXFileReference; includeInIndex = 1; lastKnownFileType = text.xcconfig; name = "Pods-HorseStable.release.xcconfig"; path = "Target Support Files/Pods-HorseStable/Pods-HorseStable.release.xcconfig"; sourceTree = "<group>"; };
		3F71D22023A062C20020FB27 /* SwiftSignalRService.swift */ = {isa = PBXFileReference; lastKnownFileType = sourcecode.swift; path = SwiftSignalRService.swift; sourceTree = "<group>"; };
		3F858CB3239A5BF700C69B2B /* HorseStable.app */ = {isa = PBXFileReference; explicitFileType = wrapper.application; includeInIndex = 0; path = HorseStable.app; sourceTree = BUILT_PRODUCTS_DIR; };
		3F858CB6239A5BF700C69B2B /* AppDelegate.swift */ = {isa = PBXFileReference; lastKnownFileType = sourcecode.swift; path = AppDelegate.swift; sourceTree = "<group>"; };
		3F858CB8239A5BF700C69B2B /* ViewController.swift */ = {isa = PBXFileReference; lastKnownFileType = sourcecode.swift; path = ViewController.swift; sourceTree = "<group>"; };
		3F858CBB239A5BF700C69B2B /* Base */ = {isa = PBXFileReference; lastKnownFileType = file.storyboard; name = Base; path = Base.lproj/Main.storyboard; sourceTree = "<group>"; };
		3F858CBD239A5BF900C69B2B /* Assets.xcassets */ = {isa = PBXFileReference; lastKnownFileType = folder.assetcatalog; path = Assets.xcassets; sourceTree = "<group>"; };
		3F858CC0239A5BF900C69B2B /* Base */ = {isa = PBXFileReference; lastKnownFileType = file.storyboard; name = Base; path = Base.lproj/LaunchScreen.storyboard; sourceTree = "<group>"; };
		3F858CC2239A5BF900C69B2B /* Info.plist */ = {isa = PBXFileReference; lastKnownFileType = text.plist.xml; path = Info.plist; sourceTree = "<group>"; };
		3FFFA43F23A24B7200648E28 /* Horse.swift */ = {isa = PBXFileReference; lastKnownFileType = sourcecode.swift; path = Horse.swift; sourceTree = "<group>"; };
		3FFFA44123A24C9C00648E28 /* MedicalReport.swift */ = {isa = PBXFileReference; lastKnownFileType = sourcecode.swift; path = MedicalReport.swift; sourceTree = "<group>"; };
		3FFFA44323A24E3C00648E28 /* Message.swift */ = {isa = PBXFileReference; lastKnownFileType = sourcecode.swift; path = Message.swift; sourceTree = "<group>"; };
		3FFFA44523A2857100648E28 /* Delegate.swift */ = {isa = PBXFileReference; lastKnownFileType = sourcecode.swift; path = Delegate.swift; sourceTree = "<group>"; };
		3FFFA44723A3ADF600648E28 /* SwiftRService.swift */ = {isa = PBXFileReference; lastKnownFileType = sourcecode.swift; path = SwiftRService.swift; sourceTree = "<group>"; };
		69D2F758B4D84229837C171D /* Pods-HorseStable.debug.xcconfig */ = {isa = PBXFileReference; includeInIndex = 1; lastKnownFileType = text.xcconfig; name = "Pods-HorseStable.debug.xcconfig"; path = "Target Support Files/Pods-HorseStable/Pods-HorseStable.debug.xcconfig"; sourceTree = "<group>"; };
		6C411482D78B22161B801632 /* Pods_HorseStable.framework */ = {isa = PBXFileReference; explicitFileType = wrapper.framework; includeInIndex = 0; path = Pods_HorseStable.framework; sourceTree = BUILT_PRODUCTS_DIR; };
/* End PBXFileReference section */

/* Begin PBXFrameworksBuildPhase section */
		3F858CB0239A5BF700C69B2B /* Frameworks */ = {
			isa = PBXFrameworksBuildPhase;
			buildActionMask = 2147483647;
			files = (
				3F71D22423A1798F0020FB27 /* SignalRClient in Frameworks */,
				23F5E9210D1B724D748E075F /* Pods_HorseStable.framework in Frameworks */,
			);
			runOnlyForDeploymentPostprocessing = 0;
		};
/* End PBXFrameworksBuildPhase section */

/* Begin PBXGroup section */
		3F858CAA239A5BF700C69B2B = {
			isa = PBXGroup;
			children = (
				3F858CB5239A5BF700C69B2B /* HorseStable */,
				3F858CB4239A5BF700C69B2B /* Products */,
				68F5E0ED178890B0D15EECA4 /* Pods */,
				7AFFE3545EFEF25780B1BC46 /* Frameworks */,
			);
			sourceTree = "<group>";
		};
		3F858CB4239A5BF700C69B2B /* Products */ = {
			isa = PBXGroup;
			children = (
				3F858CB3239A5BF700C69B2B /* HorseStable.app */,
			);
			name = Products;
			sourceTree = "<group>";
		};
		3F858CB5239A5BF700C69B2B /* HorseStable */ = {
			isa = PBXGroup;
			children = (
				3F71D22023A062C20020FB27 /* SwiftSignalRService.swift */,
				3F858CB6239A5BF700C69B2B /* AppDelegate.swift */,
				3F858CB8239A5BF700C69B2B /* ViewController.swift */,
				3F858CBA239A5BF700C69B2B /* Main.storyboard */,
				3F858CBD239A5BF900C69B2B /* Assets.xcassets */,
				3F858CBF239A5BF900C69B2B /* LaunchScreen.storyboard */,
				3F858CC2239A5BF900C69B2B /* Info.plist */,
				3FFFA43F23A24B7200648E28 /* Horse.swift */,
				3FFFA44123A24C9C00648E28 /* MedicalReport.swift */,
				3FFFA44323A24E3C00648E28 /* Message.swift */,
				3FFFA44523A2857100648E28 /* Delegate.swift */,
				3FFFA44723A3ADF600648E28 /* SwiftRService.swift */,
			);
			path = HorseStable;
			sourceTree = "<group>";
		};
		68F5E0ED178890B0D15EECA4 /* Pods */ = {
			isa = PBXGroup;
			children = (
				69D2F758B4D84229837C171D /* Pods-HorseStable.debug.xcconfig */,
				157775120CAC16431CD7699C /* Pods-HorseStable.release.xcconfig */,
			);
			path = Pods;
			sourceTree = "<group>";
		};
		7AFFE3545EFEF25780B1BC46 /* Frameworks */ = {
			isa = PBXGroup;
			children = (
				6C411482D78B22161B801632 /* Pods_HorseStable.framework */,
			);
			name = Frameworks;
			sourceTree = "<group>";
		};
/* End PBXGroup section */

/* Begin PBXNativeTarget section */
		3F858CB2239A5BF700C69B2B /* HorseStable */ = {
			isa = PBXNativeTarget;
			buildConfigurationList = 3F858CC5239A5BF900C69B2B /* Build configuration list for PBXNativeTarget "HorseStable" */;
			buildPhases = (
				55B7E9C96215D5D8ABE4ACDC /* [CP] Check Pods Manifest.lock */,
				3F858CAF239A5BF700C69B2B /* Sources */,
				3F858CB0239A5BF700C69B2B /* Frameworks */,
				3F858CB1239A5BF700C69B2B /* Resources */,
				9A40F008CDC513655A0F896F /* [CP] Embed Pods Frameworks */,
			);
			buildRules = (
			);
			dependencies = (
			);
			name = HorseStable;
			packageProductDependencies = (
				3F71D22323A1798F0020FB27 /* SignalRClient */,
			);
			productName = HorseStable;
			productReference = 3F858CB3239A5BF700C69B2B /* HorseStable.app */;
			productType = "com.apple.product-type.application";
		};
/* End PBXNativeTarget section */

/* Begin PBXProject section */
		3F858CAB239A5BF700C69B2B /* Project object */ = {
			isa = PBXProject;
			attributes = {
				LastSwiftUpdateCheck = 1010;
				LastUpgradeCheck = 1010;
				ORGANIZATIONNAME = smartmobile;
				TargetAttributes = {
					3F858CB2239A5BF700C69B2B = {
						CreatedOnToolsVersion = 10.1;
					};
				};
			};
			buildConfigurationList = 3F858CAE239A5BF700C69B2B /* Build configuration list for PBXProject "HorseStable" */;
			compatibilityVersion = "Xcode 9.3";
			developmentRegion = en;
			hasScannedForEncodings = 0;
			knownRegions = (
				en,
				Base,
			);
			mainGroup = 3F858CAA239A5BF700C69B2B;
			packageReferences = (
				3F71D22223A1798F0020FB27 /* XCRemoteSwiftPackageReference "SignalR-Client-Swift" */,
			);
			productRefGroup = 3F858CB4239A5BF700C69B2B /* Products */;
			projectDirPath = "";
			projectRoot = "";
			targets = (
				3F858CB2239A5BF700C69B2B /* HorseStable */,
			);
		};
/* End PBXProject section */

/* Begin PBXResourcesBuildPhase section */
		3F858CB1239A5BF700C69B2B /* Resources */ = {
			isa = PBXResourcesBuildPhase;
			buildActionMask = 2147483647;
			files = (
				3F858CC1239A5BF900C69B2B /* LaunchScreen.storyboard in Resources */,
				3F858CBE239A5BF900C69B2B /* Assets.xcassets in Resources */,
				3F858CBC239A5BF700C69B2B /* Main.storyboard in Resources */,
			);
			runOnlyForDeploymentPostprocessing = 0;
		};
/* End PBXResourcesBuildPhase section */

/* Begin PBXShellScriptBuildPhase section */
		55B7E9C96215D5D8ABE4ACDC /* [CP] Check Pods Manifest.lock */ = {
			isa = PBXShellScriptBuildPhase;
			buildActionMask = 2147483647;
			files = (
			);
			inputFileListPaths = (
			);
			inputPaths = (
				"${PODS_PODFILE_DIR_PATH}/Podfile.lock",
				"${PODS_ROOT}/Manifest.lock",
			);
			name = "[CP] Check Pods Manifest.lock";
			outputFileListPaths = (
			);
			outputPaths = (
				"$(DERIVED_FILE_DIR)/Pods-HorseStable-checkManifestLockResult.txt",
			);
			runOnlyForDeploymentPostprocessing = 0;
			shellPath = /bin/sh;
			shellScript = "diff \"${PODS_PODFILE_DIR_PATH}/Podfile.lock\" \"${PODS_ROOT}/Manifest.lock\" > /dev/null\nif [ $? != 0 ] ; then\n    # print error to STDERR\n    echo \"error: The sandbox is not in sync with the Podfile.lock. Run 'pod install' or update your CocoaPods installation.\" >&2\n    exit 1\nfi\n# This output is used by Xcode 'outputs' to avoid re-running this script phase.\necho \"SUCCESS\" > \"${SCRIPT_OUTPUT_FILE_0}\"\n";
			showEnvVarsInLog = 0;
		};
		9A40F008CDC513655A0F896F /* [CP] Embed Pods Frameworks */ = {
			isa = PBXShellScriptBuildPhase;
			buildActionMask = 2147483647;
			files = (
			);
			inputFileListPaths = (
				"${PODS_ROOT}/Target Support Files/Pods-HorseStable/Pods-HorseStable-frameworks-${CONFIGURATION}-input-files.xcfilelist",
			);
			name = "[CP] Embed Pods Frameworks";
			outputFileListPaths = (
				"${PODS_ROOT}/Target Support Files/Pods-HorseStable/Pods-HorseStable-frameworks-${CONFIGURATION}-output-files.xcfilelist",
			);
			runOnlyForDeploymentPostprocessing = 0;
			shellPath = /bin/sh;
			shellScript = "\"${PODS_ROOT}/Target Support Files/Pods-HorseStable/Pods-HorseStable-frameworks.sh\"\n";
			showEnvVarsInLog = 0;
		};
/* End PBXShellScriptBuildPhase section */

/* Begin PBXSourcesBuildPhase section */
		3F858CAF239A5BF700C69B2B /* Sources */ = {
			isa = PBXSourcesBuildPhase;
			buildActionMask = 2147483647;
			files = (
				3F71D22123A062C20020FB27 /* SwiftSignalRService.swift in Sources */,
				3F858CB9239A5BF700C69B2B /* ViewController.swift in Sources */,
				3F858CB7239A5BF700C69B2B /* AppDelegate.swift in Sources */,
				3FFFA44623A2857100648E28 /* Delegate.swift in Sources */,
				3FFFA44423A24E3C00648E28 /* Message.swift in Sources */,
				3FFFA44023A24B7200648E28 /* Horse.swift in Sources */,
				3FFFA44823A3ADF600648E28 /* SwiftRService.swift in Sources */,
				3FFFA44223A24C9C00648E28 /* MedicalReport.swift in Sources */,
			);
			runOnlyForDeploymentPostprocessing = 0;
		};
/* End PBXSourcesBuildPhase section */

/* Begin PBXVariantGroup section */
		3F858CBA239A5BF700C69B2B /* Main.storyboard */ = {
			isa = PBXVariantGroup;
			children = (
				3F858CBB239A5BF700C69B2B /* Base */,
			);
			name = Main.storyboard;
			sourceTree = "<group>";
		};
		3F858CBF239A5BF900C69B2B /* LaunchScreen.storyboard */ = {
			isa = PBXVariantGroup;
			children = (
				3F858CC0239A5BF900C69B2B /* Base */,
			);
			name = LaunchScreen.storyboard;
			sourceTree = "<group>";
		};
/* End PBXVariantGroup section */

/* Begin XCBuildConfiguration section */
		3F858CC3239A5BF900C69B2B /* Debug */ = {
			isa = XCBuildConfiguration;
			buildSettings = {
				ALWAYS_SEARCH_USER_PATHS = NO;
				CLANG_ANALYZER_NONNULL = YES;
				CLANG_ANALYZER_NUMBER_OBJECT_CONVERSION = YES_AGGRESSIVE;
				CLANG_CXX_LANGUAGE_STANDARD = "gnu++14";
				CLANG_CXX_LIBRARY = "libc++";
				CLANG_ENABLE_MODULES = YES;
				CLANG_ENABLE_OBJC_ARC = YES;
				CLANG_ENABLE_OBJC_WEAK = YES;
				CLANG_WARN_BLOCK_CAPTURE_AUTORELEASING = YES;
				CLANG_WARN_BOOL_CONVERSION = YES;
				CLANG_WARN_COMMA = YES;
				CLANG_WARN_CONSTANT_CONVERSION = YES;
				CLANG_WARN_DEPRECATED_OBJC_IMPLEMENTATIONS = YES;
				CLANG_WARN_DIRECT_OBJC_ISA_USAGE = YES_ERROR;
				CLANG_WARN_DOCUMENTATION_COMMENTS = YES;
				CLANG_WARN_EMPTY_BODY = YES;
				CLANG_WARN_ENUM_CONVERSION = YES;
				CLANG_WARN_INFINITE_RECURSION = YES;
				CLANG_WARN_INT_CONVERSION = YES;
				CLANG_WARN_NON_LITERAL_NULL_CONVERSION = YES;
				CLANG_WARN_OBJC_IMPLICIT_RETAIN_SELF = YES;
				CLANG_WARN_OBJC_LITERAL_CONVERSION = YES;
				CLANG_WARN_OBJC_ROOT_CLASS = YES_ERROR;
				CLANG_WARN_RANGE_LOOP_ANALYSIS = YES;
				CLANG_WARN_STRICT_PROTOTYPES = YES;
				CLANG_WARN_SUSPICIOUS_MOVE = YES;
				CLANG_WARN_UNGUARDED_AVAILABILITY = YES_AGGRESSIVE;
				CLANG_WARN_UNREACHABLE_CODE = YES;
				CLANG_WARN__DUPLICATE_METHOD_MATCH = YES;
				CODE_SIGN_IDENTITY = "iPhone Developer";
				COPY_PHASE_STRIP = NO;
				DEBUG_INFORMATION_FORMAT = dwarf;
				ENABLE_STRICT_OBJC_MSGSEND = YES;
				ENABLE_TESTABILITY = YES;
				GCC_C_LANGUAGE_STANDARD = gnu11;
				GCC_DYNAMIC_NO_PIC = NO;
				GCC_NO_COMMON_BLOCKS = YES;
				GCC_OPTIMIZATION_LEVEL = 0;
				GCC_PREPROCESSOR_DEFINITIONS = (
					"DEBUG=1",
					"$(inherited)",
				);
				GCC_WARN_64_TO_32_BIT_CONVERSION = YES;
				GCC_WARN_ABOUT_RETURN_TYPE = YES_ERROR;
				GCC_WARN_UNDECLARED_SELECTOR = YES;
				GCC_WARN_UNINITIALIZED_AUTOS = YES_AGGRESSIVE;
				GCC_WARN_UNUSED_FUNCTION = YES;
				GCC_WARN_UNUSED_VARIABLE = YES;
				IPHONEOS_DEPLOYMENT_TARGET = 12.1;
				MTL_ENABLE_DEBUG_INFO = INCLUDE_SOURCE;
				MTL_FAST_MATH = YES;
				ONLY_ACTIVE_ARCH = YES;
				SDKROOT = iphoneos;
				SWIFT_ACTIVE_COMPILATION_CONDITIONS = DEBUG;
				SWIFT_OPTIMIZATION_LEVEL = "-Onone";
			};
			name = Debug;
		};
		3F858CC4239A5BF900C69B2B /* Release */ = {
			isa = XCBuildConfiguration;
			buildSettings = {
				ALWAYS_SEARCH_USER_PATHS = NO;
				CLANG_ANALYZER_NONNULL = YES;
				CLANG_ANALYZER_NUMBER_OBJECT_CONVERSION = YES_AGGRESSIVE;
				CLANG_CXX_LANGUAGE_STANDARD = "gnu++14";
				CLANG_CXX_LIBRARY = "libc++";
				CLANG_ENABLE_MODULES = YES;
				CLANG_ENABLE_OBJC_ARC = YES;
				CLANG_ENABLE_OBJC_WEAK = YES;
				CLANG_WARN_BLOCK_CAPTURE_AUTORELEASING = YES;
				CLANG_WARN_BOOL_CONVERSION = YES;
				CLANG_WARN_COMMA = YES;
				CLANG_WARN_CONSTANT_CONVERSION = YES;
				CLANG_WARN_DEPRECATED_OBJC_IMPLEMENTATIONS = YES;
				CLANG_WARN_DIRECT_OBJC_ISA_USAGE = YES_ERROR;
				CLANG_WARN_DOCUMENTATION_COMMENTS = YES;
				CLANG_WARN_EMPTY_BODY = YES;
				CLANG_WARN_ENUM_CONVERSION = YES;
				CLANG_WARN_INFINITE_RECURSION = YES;
				CLANG_WARN_INT_CONVERSION = YES;
				CLANG_WARN_NON_LITERAL_NULL_CONVERSION = YES;
				CLANG_WARN_OBJC_IMPLICIT_RETAIN_SELF = YES;
				CLANG_WARN_OBJC_LITERAL_CONVERSION = YES;
				CLANG_WARN_OBJC_ROOT_CLASS = YES_ERROR;
				CLANG_WARN_RANGE_LOOP_ANALYSIS = YES;
				CLANG_WARN_STRICT_PROTOTYPES = YES;
				CLANG_WARN_SUSPICIOUS_MOVE = YES;
				CLANG_WARN_UNGUARDED_AVAILABILITY = YES_AGGRESSIVE;
				CLANG_WARN_UNREACHABLE_CODE = YES;
				CLANG_WARN__DUPLICATE_METHOD_MATCH = YES;
				CODE_SIGN_IDENTITY = "iPhone Developer";
				COPY_PHASE_STRIP = NO;
				DEBUG_INFORMATION_FORMAT = "dwarf-with-dsym";
				ENABLE_NS_ASSERTIONS = NO;
				ENABLE_STRICT_OBJC_MSGSEND = YES;
				GCC_C_LANGUAGE_STANDARD = gnu11;
				GCC_NO_COMMON_BLOCKS = YES;
				GCC_WARN_64_TO_32_BIT_CONVERSION = YES;
				GCC_WARN_ABOUT_RETURN_TYPE = YES_ERROR;
				GCC_WARN_UNDECLARED_SELECTOR = YES;
				GCC_WARN_UNINITIALIZED_AUTOS = YES_AGGRESSIVE;
				GCC_WARN_UNUSED_FUNCTION = YES;
				GCC_WARN_UNUSED_VARIABLE = YES;
				IPHONEOS_DEPLOYMENT_TARGET = 12.1;
				MTL_ENABLE_DEBUG_INFO = NO;
				MTL_FAST_MATH = YES;
				SDKROOT = iphoneos;
				SWIFT_COMPILATION_MODE = wholemodule;
				SWIFT_OPTIMIZATION_LEVEL = "-O";
				VALIDATE_PRODUCT = YES;
			};
			name = Release;
		};
		3F858CC6239A5BF900C69B2B /* Debug */ = {
			isa = XCBuildConfiguration;
			baseConfigurationReference = 69D2F758B4D84229837C171D /* Pods-HorseStable.debug.xcconfig */;
			buildSettings = {
				ASSETCATALOG_COMPILER_APPICON_NAME = AppIcon;
				CODE_SIGN_STYLE = Automatic;
				DEVELOPMENT_TEAM = Q4Q4HDKLNB;
				INFOPLIST_FILE = HorseStable/Info.plist;
				LD_RUNPATH_SEARCH_PATHS = (
					"$(inherited)",
					"@executable_path/Frameworks",
				);
				PRODUCT_BUNDLE_IDENTIFIER = smartmobile.HorseStable;
				PRODUCT_NAME = "$(TARGET_NAME)";
				SWIFT_VERSION = 4.2;
				TARGETED_DEVICE_FAMILY = "1,2";
			};
			name = Debug;
		};
		3F858CC7239A5BF900C69B2B /* Release */ = {
			isa = XCBuildConfiguration;
			baseConfigurationReference = 157775120CAC16431CD7699C /* Pods-HorseStable.release.xcconfig */;
			buildSettings = {
				ASSETCATALOG_COMPILER_APPICON_NAME = AppIcon;
				CODE_SIGN_STYLE = Automatic;
				DEVELOPMENT_TEAM = Q4Q4HDKLNB;
				INFOPLIST_FILE = HorseStable/Info.plist;
				LD_RUNPATH_SEARCH_PATHS = (
					"$(inherited)",
					"@executable_path/Frameworks",
				);
				PRODUCT_BUNDLE_IDENTIFIER = smartmobile.HorseStable;
				PRODUCT_NAME = "$(TARGET_NAME)";
				SWIFT_VERSION = 4.2;
				TARGETED_DEVICE_FAMILY = "1,2";
			};
			name = Release;
		};
/* End XCBuildConfiguration section */

/* Begin XCConfigurationList section */
		3F858CAE239A5BF700C69B2B /* Build configuration list for PBXProject "HorseStable" */ = {
			isa = XCConfigurationList;
			buildConfigurations = (
				3F858CC3239A5BF900C69B2B /* Debug */,
				3F858CC4239A5BF900C69B2B /* Release */,
			);
			defaultConfigurationIsVisible = 0;
			defaultConfigurationName = Release;
		};
		3F858CC5239A5BF900C69B2B /* Build configuration list for PBXNativeTarget "HorseStable" */ = {
			isa = XCConfigurationList;
			buildConfigurations = (
				3F858CC6239A5BF900C69B2B /* Debug */,
				3F858CC7239A5BF900C69B2B /* Release */,
			);
			defaultConfigurationIsVisible = 0;
			defaultConfigurationName = Release;
		};
/* End XCConfigurationList section */

/* Begin XCRemoteSwiftPackageReference section */
		3F71D22223A1798F0020FB27 /* XCRemoteSwiftPackageReference "SignalR-Client-Swift" */ = {
			isa = XCRemoteSwiftPackageReference;
			repositoryURL = "https://github.com/moozzyk/SignalR-Client-Swift";
			requirement = {
				kind = upToNextMajorVersion;
				minimumVersion = 0.6.2;
			};
		};
/* End XCRemoteSwiftPackageReference section */

/* Begin XCSwiftPackageProductDependency section */
		3F71D22323A1798F0020FB27 /* SignalRClient */ = {
			isa = XCSwiftPackageProductDependency;
			package = 3F71D22223A1798F0020FB27 /* XCRemoteSwiftPackageReference "SignalR-Client-Swift" */;
			productName = SignalRClient;
		};
/* End XCSwiftPackageProductDependency section */
	};
	rootObject = 3F858CAB239A5BF700C69B2B /* Project object */;
}
